
Microsoft Visual Studio Solution File, Format Version 11.00
# Visual Studio 2010
Project("{8BC9CEB8-8B4A-11D0-8D11-00A0C91BC942}") = "Gauss_Noise", "Gauss_Noise.vcxproj", "{242FCBE3-60AB-4DC2-9BD9-E4199C70068A}"
EndProject
Global
	GlobalSection(SolutionConfigurationPlatforms) = preSolution
		Debug|Win32 = Debug|Win32
		Release|Win32 = Release|Win32
	EndGlobalSection
	GlobalSection(ProjectConfigurationPlatforms) = postSolution
		{242FCBE3-60AB-4DC2-9BD9-E4199C70068A}.Debug|Win32.ActiveCfg = Debug|Win32
		{242FCBE3-60AB-4DC2-9BD9-E4199C70068A}.Debug|Win32.Build.0 = Debug|Win32
		{242FCBE3-60AB-4DC2-9BD9-E4199C70068A}.Release|Win32.ActiveCfg = Release|Win32
		{242FCBE3-60AB-4DC2-9BD9-E4199C70068A}.Release|Win32.Build.0 = Release|Win32
	EndGlobalSection
	GlobalSection(SolutionProperties) = preSolution
		HideSolutionNode = FALSE
	EndGlobalSection
EndGlobal
