
Microsoft Visual Studio Solution File, Format Version 11.00
# Visual Studio 2010
Project("{8BC9CEB8-8B4A-11D0-8D11-00A0C91BC942}") = "Consquence_transform", "Consquence_transform.vcxproj", "{E16294F2-E3D9-4E0A-A20A-944580F8BF35}"
EndProject
Global
	GlobalSection(SolutionConfigurationPlatforms) = preSolution
		Debug|Win32 = Debug|Win32
		Release|Win32 = Release|Win32
	EndGlobalSection
	GlobalSection(ProjectConfigurationPlatforms) = postSolution
		{E16294F2-E3D9-4E0A-A20A-944580F8BF35}.Debug|Win32.ActiveCfg = Debug|Win32
		{E16294F2-E3D9-4E0A-A20A-944580F8BF35}.Debug|Win32.Build.0 = Debug|Win32
		{E16294F2-E3D9-4E0A-A20A-944580F8BF35}.Release|Win32.ActiveCfg = Release|Win32
		{E16294F2-E3D9-4E0A-A20A-944580F8BF35}.Release|Win32.Build.0 = Release|Win32
	EndGlobalSection
	GlobalSection(SolutionProperties) = preSolution
		HideSolutionNode = FALSE
	EndGlobalSection
EndGlobal
